{
  "version": "2",
  "remote": {
    "https://cdn.skypack.dev/-/@firebase/app@v0.6.28-9llV6BHulQZMJrbeJ7bn/dist=es2019,mode=imports/optimized/@firebase/app.js": "22395386aabc54dba3af2d08a53942076a4c51d4c92b9d71cec878e4d78e7524",
    "https://cdn.skypack.dev/-/@firebase/app@v0.7.14-GJlXydJb3JcmLu0qkTHq/dist=es2019,mode=imports/optimized/@firebase/app.js": "4b648ab737e7cc02342809b12da29c84e8dc3bdd77b9792034be4a84737a5041",
    "https://cdn.skypack.dev/-/@firebase/auth@v0.16.8-fuIw7Baswv7gZ8Si3voa/dist=es2019,mode=imports/optimized/@firebase/auth.js": "27b260a67d5d68689651ae8053cd5cc948ed44ecc4bbd67a4c1f7d350056022d",
    "https://cdn.skypack.dev/-/@firebase/component@v0.5.10-FCGhmwktBGOMfs8IijTq/dist=es2019,mode=imports/optimized/@firebase/component.js": "908ca2c2b9e7e3985d10cd5059269986a3e27d1f10aff1593218a8987553d781",
    "https://cdn.skypack.dev/-/@firebase/component@v0.5.4-oTertoV5qLQJ2lhZrxNv/dist=es2019,mode=imports/optimized/@firebase/component.js": "5e8fe87041bd5d9c885f0db60dacbb6966d66294ca00e78ee4645489e5d66a04",
    "https://cdn.skypack.dev/-/@firebase/firestore@v2.3.8-7gekwIXeA2YXJh4nbMEY/dist=es2019,mode=imports/optimized/@firebase/firestore.js": "ece13d8df147a9f3cead3df357d22fa355e6884984da5ba8eba3b9c5f1a11aaa",
    "https://cdn.skypack.dev/-/@firebase/logger@v0.2.6-KFivBUFGdEto0GXibKni/dist=es2019,mode=imports/optimized/@firebase/logger.js": "d8f11b51944b3e381333bc1733d88de62d7d0ee2f70ea6d4e67497757aaa5919",
    "https://cdn.skypack.dev/-/@firebase/logger@v0.3.2-h7x4OWlAPVjgNAAOr2gq/dist=es2019,mode=imports/optimized/@firebase/logger.js": "8c9fdd52e7b5b616539b6d7ae2b0a95d240674e08676eeaa5a41b0dab55d4e25",
    "https://cdn.skypack.dev/-/@firebase/util@v1.1.0-nQeCTYIuiZvfsLgRZz9e/dist=es2019,mode=imports/optimized/@firebase/util.js": "9933c92535c416158f40b870325452c770028fe519917f6d02ae9172cc908b1b",
    "https://cdn.skypack.dev/-/@firebase/util@v1.4.3-13BnGdo0A5uxcz6gH7eX/dist=es2019,mode=imports/optimized/@firebase/util.js": "75d0192d1a5d0e0aac44c16558d4b2ab823e9df72dcefbf9fee08d34d470453d",
    "https://cdn.skypack.dev/-/@firebase/webchannel-wrapper@v0.5.1-oLxOOHy3gMITgSlEdwlF/dist=es2019,mode=imports/optimized/@firebase/webchannel-wrapper.js": "572f6a23d90de819b92f4852728b59fe2eec56ba8ca01f8f3e6c06e22837d885",
    "https://cdn.skypack.dev/-/firebase@v8.7.0-R1buAnY5aIDeDJQPEnxL/dist=es2019,mode=imports/unoptimized/app/dist/index.esm.js": "1f67ab70bb513f1d3135eedbb80293cc5b855370070699c5f41db1b7d2839bdb",
    "https://cdn.skypack.dev/-/firebase@v8.7.0-R1buAnY5aIDeDJQPEnxL/dist=es2019,mode=imports/unoptimized/auth/dist/index.esm.js": "b79c9bede50efb597433662ad89e86b9a5415320c4c5e1a9ff3d6f332d70f326",
    "https://cdn.skypack.dev/-/firebase@v8.7.0-R1buAnY5aIDeDJQPEnxL/dist=es2019,mode=imports/unoptimized/firestore/dist/index.esm.js": "1dd8846f80a935e1b51f484b7888bcda6e8ef68f2c63b2732579f5679c0b3611",
    "https://cdn.skypack.dev/-/tslib@v2.2.0-aACEbPrqb1U8uyinA6J0/dist=es2019,mode=imports/optimized/tslib.js": "95ccfbf8bc9c5b81a343a5827eb6960f24bd26d3aa2dae4f54be032f03d94466",
    "https://cdn.skypack.dev/-/tslib@v2.3.0-7PdXE4NamvODmIuM0tBj/dist=es2019,mode=imports/optimized/tslib.js": "6e5577ae3f56b65d3363105e22a8953adfa0ea795b7f93e9377d8ed35e2bd314",
    "https://cdn.skypack.dev/-/tslib@v2.3.1-oagOtGnmjZ2E5Gt5m3zI/dist=es2019,mode=imports/optimized/tslib.js": "6a8aec215e19801a0cc9dfae2d87b3d5e774115c0684d3bd173ea7950c3a3e9e",
    "https://cdn.skypack.dev/firebase@8.7.0/app": "e0aa6c4648f185d0bfd8528e9ffb66f529b3d8f5354b6e32b0d702f4371a0d71",
    "https://cdn.skypack.dev/firebase@8.7.0/auth": "dc06bbc24bd86ae06ce2ee8c84a58a9a0c9e5f84fcf4fe81701c698fdfb36a9f",
    "https://cdn.skypack.dev/firebase@8.7.0/firestore": "712d5182d582e693fbd058562eda825da1efa14c8961b1ef289fc8efc57b7691",
    "https://deno.land/std@0.139.0/bytes/equals.ts": "fc16dff2090cced02497f16483de123dfa91e591029f985029193dfaa9d894c9",
    "https://deno.land/std@0.139.0/bytes/mod.ts": "763f97d33051cc3f28af1a688dfe2830841192a9fea0cbaa55f927b49d49d0bf",
    "https://deno.land/std@0.139.0/encoding/base64.ts": "c8c16b4adaa60d7a8eee047c73ece26844435e8f7f1328d74593dbb2dd58ea4f",
    "https://deno.land/std@0.139.0/encoding/base64url.ts": "55f9d13df02efac10c6f96169daa3e702606a64e8aa27c0295f645f198c27130",
    "https://deno.land/std@0.139.0/node/_buffer.d.ts": "90f674081428a61978b6d481c5f557ff743a3f4a85d7ae113caab48fdf5b8a63",
    "https://deno.land/std@0.139.0/node/_buffer.mjs": "cf4854f0873fded5bf3efe1e0d6aacb148822604f91e0e3c5a9271b68997f07b",
    "https://deno.land/std@0.139.0/node/buffer.ts": "fbecbf3f237fa49bec96e97ecf56a7b92d48037b3d11219288e68943cc921600",
    "https://deno.land/std@0.139.0/node/internal/buffer.mjs": "6662fe7fe517329453545be34cea27a24f8ccd6d09afd4f609f11ade2b6dfca7",
    "https://deno.land/std@0.139.0/node/internal/crypto/keys.ts": "16ce7b15a9fc5e4e3dee8fde75dae12f3d722558d5a1a6e65a9b4f86d64a21e9",
    "https://deno.land/std@0.139.0/node/internal/crypto/util.mjs": "1de55a47fdbed6721b467a77ba48fdd1550c10b5eee77bbdb602eaffee365a5e",
    "https://deno.land/std@0.139.0/node/internal/error_codes.ts": "ac03c4eae33de3a69d6c98e8678003207eecf75a6900eb847e3fea3c8c9e6d8f",
    "https://deno.land/std@0.139.0/node/internal/hide_stack_frames.ts": "a91962ec84610bc7ec86022c4593cdf688156a5910c07b5bcd71994225c13a03",
    "https://deno.land/std@0.139.0/node/internal/normalize_encoding.mjs": "3779ec8a7adf5d963b0224f9b85d1bc974a2ec2db0e858396b5d3c2c92138a0a",
    "https://deno.land/std@0.139.0/node/internal/util.mjs": "2f0c8ff553c175ea6e4ed13d7cd7cd6b86dc093dc2f783c6c3dfc63f60a0943e",
    "https://deno.land/std@0.139.0/node/internal/util/types.ts": "b2dacb8f1f5d28a51c4da5c5b75172b7fcf694073ce95ca141323657e18b0c60",
    "https://deno.land/std@0.139.0/node/internal/validators.mjs": "a7e82eafb7deb85c332d5f8d9ffef052f46a42d4a121eada4a54232451acc49a",
    "https://deno.land/std@0.139.0/node/internal_binding/_node.ts": "e4075ba8a37aef4eb5b592c8e3807c39cb49ca8653faf8e01a43421938076c1b",
    "https://deno.land/std@0.139.0/node/internal_binding/_utils.ts": "1c50883b5751a9ea1b38951e62ed63bacfdc9d69ea665292edfa28e1b1c5bd94",
    "https://deno.land/std@0.139.0/node/internal_binding/buffer.ts": "781e1d13adc924864e6e37ecb5152e8a4e994cf394695136e451c47f00bda76c",
    "https://deno.land/std@0.139.0/node/internal_binding/string_decoder.ts": "5cb1863763d1e9b458bc21d6f976f16d9c18b3b3f57eaf0ade120aee38fba227",
    "https://deno.land/std@0.139.0/node/internal_binding/types.ts": "4c26fb74ba2e45de553c15014c916df6789529a93171e450d5afb016b4c765e7",
    "https://deno.land/std@0.152.0/_util/assert.ts": "e94f2eb37cebd7f199952e242c77654e43333c1ac4c5c700e929ea3aa5489f74",
    "https://deno.land/std@0.152.0/_util/os.ts": "3b4c6e27febd119d36a416d7a97bd3b0251b77c88942c8f16ee5953ea13e2e49",
    "https://deno.land/std@0.152.0/async/deferred.ts": "bc18e28108252c9f67dfca2bbc4587c3cbf3aeb6e155f8c864ca8ecff992b98a",
    "https://deno.land/std@0.152.0/bytes/bytes_list.ts": "aba5e2369e77d426b10af1de0dcc4531acecec27f9b9056f4f7bfbf8ac147ab4",
    "https://deno.land/std@0.152.0/bytes/equals.ts": "3c3558c3ae85526f84510aa2b48ab2ad7bdd899e2e0f5b7a8ffc85acb3a6043a",
    "https://deno.land/std@0.152.0/bytes/mod.ts": "763f97d33051cc3f28af1a688dfe2830841192a9fea0cbaa55f927b49d49d0bf",
    "https://deno.land/std@0.152.0/crypto/timing_safe_equal.ts": "82a29b737bc8932d75d7a20c404136089d5d23629e94ba14efa98a8cc066c73e",
    "https://deno.land/std@0.152.0/encoding/base64.ts": "c57868ca7fa2fbe919f57f88a623ad34e3d970d675bdc1ff3a9d02bba7409db2",
    "https://deno.land/std@0.152.0/fmt/colors.ts": "6f9340b7fb8cc25a993a99e5efc56fe81bb5af284ff412129dd06df06f53c0b4",
    "https://deno.land/std@0.152.0/http/_negotiation/common.ts": "410e902f01cdd324e4746e8017595be4fc357d6fc4cd6044f2f808a943d7eaf7",
    "https://deno.land/std@0.152.0/http/_negotiation/encoding.ts": "f749c1d539d139af783e8a7741de5a47a98a5e3c9af82b8af512567ccf5fe632",
    "https://deno.land/std@0.152.0/http/_negotiation/language.ts": "53c306186904d2dace4c624a8822542866ad332a7f40ac90e0af1504f95c63d0",
    "https://deno.land/std@0.152.0/http/_negotiation/media_type.ts": "ecdda87286495f7ff25116858f5088856953e2f1585e593d314e0c71b826a137",
    "https://deno.land/std@0.152.0/http/http_errors.ts": "fe9b7f95f7ee0592c3306f8c7aed03ba53d55d1ef81e00041c1171b9588f46d9",
    "https://deno.land/std@0.152.0/http/http_status.ts": "897575a7d6bc2b9123f6a38ecbc0f03d95a532c5d92029315dc9f508e12526b8",
    "https://deno.land/std@0.152.0/http/negotiation.ts": "f35b1ff2ad4ff9feaa00ac234960b398172768205c8eceaef7f2eafe34716ba2",
    "https://deno.land/std@0.152.0/io/buffer.ts": "bd0c4bf53db4b4be916ca5963e454bddfd3fcd45039041ea161dbf826817822b",
    "https://deno.land/std@0.152.0/io/readers.ts": "45847ad404afd2f605eae1cff193f223462bc55eeb9ae313c2f3db28aada0fd6",
    "https://deno.land/std@0.152.0/io/types.d.ts": "0cae3a62da7a37043661746c65c021058bae020b54e50c0e774916e5d4baee43",
    "https://deno.land/std@0.152.0/media_types/_util.ts": "ce9b4fc4ba1c447dafab619055e20fd88236ca6bdd7834a21f98bd193c3fbfa1",
    "https://deno.land/std@0.152.0/media_types/mod.ts": "3829264ca0610cac40f3214f939d7733483523f82bc1041c51045d7c75fb93b8",
    "https://deno.land/std@0.152.0/media_types/vendor/mime-db.v1.52.0.ts": "724cee25fa40f1a52d3937d6b4fbbfdd7791ff55e1b7ac08d9319d5632c7f5af",
    "https://deno.land/std@0.152.0/path/_constants.ts": "df1db3ffa6dd6d1252cc9617e5d72165cd2483df90e93833e13580687b6083c3",
    "https://deno.land/std@0.152.0/path/_interface.ts": "ee3b431a336b80cf445441109d089b70d87d5e248f4f90ff906820889ecf8d09",
    "https://deno.land/std@0.152.0/path/_util.ts": "c1e9686d0164e29f7d880b2158971d805b6e0efc3110d0b3e24e4b8af2190d2b",
    "https://deno.land/std@0.152.0/path/common.ts": "bee563630abd2d97f99d83c96c2fa0cca7cee103e8cb4e7699ec4d5db7bd2633",
    "https://deno.land/std@0.152.0/path/glob.ts": "cb5255638de1048973c3e69e420c77dc04f75755524cb3b2e160fe9277d939ee",
    "https://deno.land/std@0.152.0/path/mod.ts": "56fec03ad0ebd61b6ab39ddb9b0ddb4c4a5c9f2f4f632e09dd37ec9ebfd722ac",
    "https://deno.land/std@0.152.0/path/posix.ts": "c1f7afe274290ea0b51da07ee205653b2964bd74909a82deb07b69a6cc383aaa",
    "https://deno.land/std@0.152.0/path/separator.ts": "fe1816cb765a8068afb3e8f13ad272351c85cbc739af56dacfc7d93d710fe0f9",
    "https://deno.land/std@0.152.0/path/win32.ts": "bd7549042e37879c68ff2f8576a25950abbfca1d696d41d82c7bca0b7e6f452c",
    "https://deno.land/std@0.152.0/streams/conversion.ts": "fc3db02026183da795fa32ac7549868e9f19c75ba029d4b4c3739af62b48517a",
    "https://deno.land/std@0.152.0/testing/_diff.ts": "029a00560b0d534bc0046f1bce4bd36b3b41ada3f2a3178c85686eb2ff5f1413",
    "https://deno.land/std@0.152.0/testing/_format.ts": "0d8dc79eab15b67cdc532826213bbe05bccfd276ca473a50a3fc7bbfb7260642",
    "https://deno.land/std@0.152.0/testing/asserts.ts": "093735c88f52bbead7f60a1f7a97a2ce4df3c2d5fab00a46956f20b4a5793ccd",
    "https://deno.land/std@0.161.0/encoding/base64.ts": "c57868ca7fa2fbe919f57f88a623ad34e3d970d675bdc1ff3a9d02bba7409db2",
    "https://deno.land/std@0.161.0/encoding/base64url.ts": "a5f82a9fa703bd85a5eb8e7c1296bc6529e601ebd9642cc2b5eaa6b38fa9e05a",
    "https://deno.land/std@0.175.0/collections/filter_values.ts": "5b9feaf17b9a6e5ffccdd36cf6f38fa4ffa94cff2602d381c2ad0c2a97929652",
    "https://deno.land/std@0.175.0/collections/without_all.ts": "a89f5da0b5830defed4f59666e188df411d8fece35a5f6ca69be6ca71a95c185",
    "https://deno.land/std@0.175.0/dotenv/load.ts": "0636983549b98f29ab75c9a22a42d9723f0a389ece5498fe971e7bb2556a12e2",
    "https://deno.land/std@0.175.0/dotenv/mod.ts": "8dcbc8a40b896a0bf094582aaeadbfc76d3528872faf2efc0302beb1d2f6afd0",
    "https://deno.land/x/brotli@v0.1.4/mod.ts": "d2e68b13f7fc7f7b3d6c27e554b02fbf75a651ab6e88aff056c81ef82646b4f2",
    "https://deno.land/x/brotli@v0.1.4/wasm.js": "09253260e66fbf04715971d0a4281a8dfe56ddba9e9b0c4dedfcf3aa6bf63ea6",
    "https://deno.land/x/cors@v1.2.2/abcCors.ts": "cdf83a7eaa69a1bf3ab910d18b9422217902fac47601adcaf0afac5a61845d48",
    "https://deno.land/x/cors@v1.2.2/attainCors.ts": "7d6aba0f942495cc31119604e0895c9bb8edd8f8baa7fe78e6c655bd0b4cbf59",
    "https://deno.land/x/cors@v1.2.2/cors.ts": "0e2d9167e3685f9bcf48f565e312b6e1883fa458f7337e5ce7bc2e3b29767980",
    "https://deno.land/x/cors@v1.2.2/mithCors.ts": "3a359d6e716e0410ede278ab54d875b293a2d66d838aaa7cfbf9ddc1e9e990d3",
    "https://deno.land/x/cors@v1.2.2/mod.ts": "2b351913f56d77ad80cb3b8633d4539c9eeddb426dae79437ada0e6a9cb4f1a6",
    "https://deno.land/x/cors@v1.2.2/oakCors.ts": "1348dc7673c61b85d2e80559a7b44f8e0246eaa6bcc6ec744fafe5d9b13b5c71",
    "https://deno.land/x/cors@v1.2.2/opineCors.ts": "fb5790115c26b7061d84b8d6c17d258a1e241bcab75b0bc3ca1fdb2e57bc5072",
    "https://deno.land/x/cors@v1.2.2/types.ts": "97546633ccc7f0df7a29bacba5d91dc6f61decdd1b65258300244dba905d34b8",
    "https://deno.land/x/denoflate@1.2.1/mod.ts": "f5628e44b80b3d80ed525afa2ba0f12408e3849db817d47a883b801f9ce69dd6",
    "https://deno.land/x/denoflate@1.2.1/pkg/denoflate.js": "b9f9ad9457d3f12f28b1fb35c555f57443427f74decb403113d67364e4f2caf4",
    "https://deno.land/x/denoflate@1.2.1/pkg/denoflate_bg.wasm.js": "d581956245407a2115a3d7e8d85a9641c032940a8e810acbd59ca86afd34d44d",
    "https://deno.land/x/djwt@v2.8/algorithm.ts": "fa4c7354ab9f4808d38104fdc6f21c8270f65f109ed84136d4fe31a4504426d4",
    "https://deno.land/x/djwt@v2.8/deps.ts": "261b7b6bfe2602329d8f9de2938c2a898cd6dfa746b3454ae415df2c53e6ae4d",
    "https://deno.land/x/djwt@v2.8/mod.ts": "7abba8518688e88648882a95161b42391ac6043c142b1ab491b36f712189e1e1",
    "https://deno.land/x/djwt@v2.8/signature.ts": "a5649368a4b433b2810e7d47f53661fe3b0f7fe1778cb49234ceae3d6e861185",
    "https://deno.land/x/djwt@v2.8/util.ts": "0d78272bd23a4656ceabe137d496fcca37cf3de36212477642aa5d85a880d87a",
    "https://deno.land/x/jose@v4.11.4/index.ts": "5e551713b783fa8658c4e09e8029ba31fc99cb3fc82e9434067708015c26eefb",
    "https://deno.land/x/jose@v4.11.4/jwe/compact/decrypt.ts": "7e3ccd37be00f7e2f7bb762e59c1abc0bf60eef8940aee71d327a1cc3706fb72",
    "https://deno.land/x/jose@v4.11.4/jwe/compact/encrypt.ts": "38225f701ede22fb87bcb73636c51fb1a66127ae981a8a726db3366fcf4490cb",
    "https://deno.land/x/jose@v4.11.4/jwe/flattened/decrypt.ts": "140e2bb36d020384900b7fabc9822dec45eb5ece63e0bb8c4115c371c562b42e",
    "https://deno.land/x/jose@v4.11.4/jwe/flattened/encrypt.ts": "943f65bcc7031a0e088c62656e2b5c17803c1a17323ec3332c767edde9b6e167",
    "https://deno.land/x/jose@v4.11.4/jwe/general/decrypt.ts": "f62252403bf37a6dbd24756dcb18e1214d4596115fdfcb747a032efe9c703aa6",
    "https://deno.land/x/jose@v4.11.4/jwe/general/encrypt.ts": "3eb125e38626e873b8c8a57968b07bba74443b4952c4c6ddb5fd62837076110d",
    "https://deno.land/x/jose@v4.11.4/jwk/embedded.ts": "8c51b988faa226cb90a1e70f4b80fcd8733184626086046a06158d541e51caa1",
    "https://deno.land/x/jose@v4.11.4/jwk/thumbprint.ts": "c8cd45c7136fcdde0c47f0d8e50ae06831fa8aae8199d686016f51b605f342e5",
    "https://deno.land/x/jose@v4.11.4/jwks/local.ts": "f733e3d06820ed0653a81558625c06a45caf1b900dae104d5a7918d35aaf5eb8",
    "https://deno.land/x/jose@v4.11.4/jwks/remote.ts": "33ddabc9239fb057dbf4de88358818cb10b4fa34a03aaab0a886ec3aa4173530",
    "https://deno.land/x/jose@v4.11.4/jws/compact/sign.ts": "6368a6a9bfd1776b82b39d593f3270d0f60bee31ed9d391a20edb8292124e6d0",
    "https://deno.land/x/jose@v4.11.4/jws/compact/verify.ts": "64da9b44db007eca3964c33376e52d5febf28ea4286bc1aa8c85b98e43a6b56c",
    "https://deno.land/x/jose@v4.11.4/jws/flattened/sign.ts": "a5d73da31d06d72918a2b38321354fbe26af7ef60f824ce9515678f34836d12e",
    "https://deno.land/x/jose@v4.11.4/jws/flattened/verify.ts": "48a8b37decea4f5be509c41c4c473f70153c20dd618c1623a1f134cdf43f9259",
    "https://deno.land/x/jose@v4.11.4/jws/general/sign.ts": "a354d33a57d0ad8be12e80dba3a8d4825eeb54e79a24d769711c02a05f751e9c",
    "https://deno.land/x/jose@v4.11.4/jws/general/verify.ts": "23d8f6105d9d3ebe459f8f553e60531c252746efab94b36ef3c3fb1bb39b8526",
    "https://deno.land/x/jose@v4.11.4/jwt/decrypt.ts": "0e89a0f182430bd24b9db220ee12678b71bdc092bc5a26ebe38d33a9eda112c3",
    "https://deno.land/x/jose@v4.11.4/jwt/encrypt.ts": "7f1af74acbb810579b668e09a9de525eaaefd0bb7d76941fdc83f0463327e085",
    "https://deno.land/x/jose@v4.11.4/jwt/produce.ts": "dfe55ae98056a40be6fda924144c0656bb19c8bbf3fe35d842efe2d1545df3e4",
    "https://deno.land/x/jose@v4.11.4/jwt/sign.ts": "83bca239e0668598f0588dff75245c154a96409cf4ed7d8aef8583656abb5d61",
    "https://deno.land/x/jose@v4.11.4/jwt/unsecured.ts": "25b7d69be137cb611232ec3c1c0974bdc7b444353f870662b0b9ab95dc7d72c2",
    "https://deno.land/x/jose@v4.11.4/jwt/verify.ts": "efdba13c310b17d683a11f1d83ee9cca0a7a7a350915feec4eb51bba3a588486",
    "https://deno.land/x/jose@v4.11.4/key/export.ts": "251debc31e08c3dad98911a6d52882f689f60203390d1ac2f6aa08413a22a478",
    "https://deno.land/x/jose@v4.11.4/key/generate_key_pair.ts": "06f26d8ba095ad16a2fcb4e871634efed1bc35c201b97a08a220b0decd7d7dda",
    "https://deno.land/x/jose@v4.11.4/key/generate_secret.ts": "08111eada9db10cbefaf1cb0fccfadf414f7b0ce0a98dd09355ec93cd07044a6",
    "https://deno.land/x/jose@v4.11.4/key/import.ts": "3d8b6dcab46f3d87dbba047dee52ce5aef7dccf45ef2c978e45f631c5c5f4af1",
    "https://deno.land/x/jose@v4.11.4/lib/aesgcmkw.ts": "9415c556597be41a4a2f7203fd32fb00d1f06b6b2cfef70d481acec39c7807d6",
    "https://deno.land/x/jose@v4.11.4/lib/buffer_utils.ts": "dad65c92c9baef14cd5366a4131252afa7a5b4f3a068d0244e2df8660ea2bd8e",
    "https://deno.land/x/jose@v4.11.4/lib/cek.ts": "a474becfe1c2d86fbcf3a24cdcd96274beb8d61bd17926e5f345001f39df922b",
    "https://deno.land/x/jose@v4.11.4/lib/check_iv_length.ts": "118eb531167126c8421d71a21f2cfdc10a658c933e178b33395ef3e962c54f80",
    "https://deno.land/x/jose@v4.11.4/lib/check_key_type.ts": "81f5a2c3764464d2b917a1c55c6011d312184e8c68e43bee51565c2db1b166c4",
    "https://deno.land/x/jose@v4.11.4/lib/check_p2s.ts": "2f5549e121c43019ac85a3bb3fe8cb98a397122dcaa80f3cd8bf5fcf314e1f67",
    "https://deno.land/x/jose@v4.11.4/lib/crypto_key.ts": "1c9e7f0e30b60f7968be237887d30fd509589a1bd8389ae2a51a1e13cee0a3ca",
    "https://deno.land/x/jose@v4.11.4/lib/decrypt_key_management.ts": "25553575fa7fb97576cd010ff7d22025b566c75f43406aba5fb0c5b9c56a2e51",
    "https://deno.land/x/jose@v4.11.4/lib/encrypt_key_management.ts": "ec08f264e7dde341171d6272e9db639ae3718cc7047b3117735ab960d9bd01d4",
    "https://deno.land/x/jose@v4.11.4/lib/epoch.ts": "cd608f73f6c100e8156c6020ec2bce6757e01759793f0d6aab23908d3d2ea933",
    "https://deno.land/x/jose@v4.11.4/lib/format_pem.ts": "b5230682e7a89609238015b77f33afd248f3e0f69bcb5895eece2f86d83100f6",
    "https://deno.land/x/jose@v4.11.4/lib/invalid_key_input.ts": "9ca81c899000c18cf1b70ab8221f39b306cc153663e748190307e284fd47ab6a",
    "https://deno.land/x/jose@v4.11.4/lib/is_disjoint.ts": "b5ea1cb260899f5cfb04f032029956e637067714a275d13be429fc53287a4b17",
    "https://deno.land/x/jose@v4.11.4/lib/is_object.ts": "43549ddc51a3b3d4c22b953b191a961fbb61fb5081e8efb88ad075afa1f4d214",
    "https://deno.land/x/jose@v4.11.4/lib/iv.ts": "4766d9ad87b478bb7344094f38c8561181b72f8678edd1b5226d1e0f9ab677fc",
    "https://deno.land/x/jose@v4.11.4/lib/jwt_claims_set.ts": "be81b6b239e5cbc4ca5e7ca67dc0a468bac48331bc5e0da911953e2aee41f6c1",
    "https://deno.land/x/jose@v4.11.4/lib/secs.ts": "03a2f02fda0f76bf431734552a947c2916c699b904ae0d2f90a415931c30e66d",
    "https://deno.land/x/jose@v4.11.4/lib/validate_algorithms.ts": "6b20f4b5f6935cd9edcd6eb2128226144ba792eaa7c47966c666a51baf1682eb",
    "https://deno.land/x/jose@v4.11.4/lib/validate_crit.ts": "6d2b43959ddf432060505ef13af32cb1bf0daff815ef1eae4d7971629566a695",
    "https://deno.land/x/jose@v4.11.4/runtime/aeskw.ts": "a9bd412c6d07b2606520972671a545cdb205f79f0a2e9ec0fb145fb2147319e1",
    "https://deno.land/x/jose@v4.11.4/runtime/asn1.ts": "0164c05434739da02d7ed7fb5dd7bf5a5303437ce5790a457d468cce462f3d9f",
    "https://deno.land/x/jose@v4.11.4/runtime/base64url.ts": "74ecb18b90de56bcc4424b6c911cfe49b56dd4a316978f5c8ee9a23560069636",
    "https://deno.land/x/jose@v4.11.4/runtime/bogus.ts": "4f1c967b0d9b4e7105e16ad8c173da55708f377ee5e201d8ee5fc613f3417f08",
    "https://deno.land/x/jose@v4.11.4/runtime/check_cek_length.ts": "2ee093fcb273602449ed7863ab6bd4dd2a7aeff99507e0573e3cd4b8d8099e5d",
    "https://deno.land/x/jose@v4.11.4/runtime/check_key_length.ts": "5656870cc4460602775134280bf46f17e27100b237bdb5c687aceabeffc8f2a2",
    "https://deno.land/x/jose@v4.11.4/runtime/decrypt.ts": "fc24eadefce13095a4012972a1552f148d9d12d8ed7d1f17ed7c87e00810335f",
    "https://deno.land/x/jose@v4.11.4/runtime/digest.ts": "cee73fad56ce596ffedc56811d174ab413e7981eb847eb67c0e77f213cc2ac2d",
    "https://deno.land/x/jose@v4.11.4/runtime/ecdhes.ts": "74a6f43dde87736179d814312b010087bea0c834f51adc9a93f79664f78cb75f",
    "https://deno.land/x/jose@v4.11.4/runtime/encrypt.ts": "50d400ab152e2d66bffccf7473545097dd69894bc05508530260c8bc0d811638",
    "https://deno.land/x/jose@v4.11.4/runtime/env.ts": "86ff1bc7bda93b6eac6ed4412b6d0675c286b45cf16b8aa839612840f1f95d38",
    "https://deno.land/x/jose@v4.11.4/runtime/fetch_jwks.ts": "34b71aa6bbd51984d1009792499ea17133dcb11bf2f2d8fba60e8090d900fc20",
    "https://deno.land/x/jose@v4.11.4/runtime/generate.ts": "8616ad4fae6bb5ecf46ba0ad2eb0a3f3b1c76687cbad6e63c893c21772764e80",
    "https://deno.land/x/jose@v4.11.4/runtime/get_sign_verify_key.ts": "f08a086524491a54fb2a0e203819d4ca2b193444aecf6dfbaf6d400431cb439c",
    "https://deno.land/x/jose@v4.11.4/runtime/interfaces.d.ts": "19de45286493ae3cf3c8a920190aff2e58edf0b8cbac20591e970ec0e510a91f",
    "https://deno.land/x/jose@v4.11.4/runtime/is_key_like.ts": "d9660a40820d254843721a53b51eb94a4db39a1ee36103ea8c28e2cc2207599b",
    "https://deno.land/x/jose@v4.11.4/runtime/jwk_to_key.ts": "499f8f440bd32cc0dcd140b9fe28c976f5edf675f72e20073069e12d4accaa96",
    "https://deno.land/x/jose@v4.11.4/runtime/key_to_jwk.ts": "2af6f52abbe59316fa96771da48538c8f718b6fdd8703d185f8a87ef44c0f064",
    "https://deno.land/x/jose@v4.11.4/runtime/pbes2kw.ts": "1c424aade1ef8c69f0b9db635ff04d873f7c1b2615c7fbef49ee053704912e9d",
    "https://deno.land/x/jose@v4.11.4/runtime/random.ts": "3e9c8d08208e5dc186ae659535f0018303ff3b56615335bf0dfb5904fe36aab7",
    "https://deno.land/x/jose@v4.11.4/runtime/rsaes.ts": "124b6e87d8569b39d6f550b371303c79e9eb28aa0d9b14025eeaffe50282c987",
    "https://deno.land/x/jose@v4.11.4/runtime/sign.ts": "1524f8855538ca5fd607cd681f804ba421b0ec58f562118f3c635324ba053f90",
    "https://deno.land/x/jose@v4.11.4/runtime/subtle_dsa.ts": "ea4e5a023325582d9ec8e909d10e026ab10d8fa6d287a43ba1ed4aed6c84285a",
    "https://deno.land/x/jose@v4.11.4/runtime/subtle_rsaes.ts": "26147da83932ebf7266d69ddd408f269395de05ddde64ba4e1585571bb61bd93",
    "https://deno.land/x/jose@v4.11.4/runtime/timing_safe_equal.ts": "fc5b3f4132cec56630eac4677fef2b519707a9c6a257f8ae86515b0d86ff5f6b",
    "https://deno.land/x/jose@v4.11.4/runtime/verify.ts": "d391e2286b47485247b475016c66999f5146a1cf8331115385a9ba629251c15e",
    "https://deno.land/x/jose@v4.11.4/runtime/webcrypto.ts": "3365b7d62eaa7e6befe5e2f4f67aa7859805c41b87064433b6e70f94501aa36e",
    "https://deno.land/x/jose@v4.11.4/runtime/zlib.ts": "74a4c85d1a6e523282ae927412d58e6789a8d7264b4e966a7df800a97f28a1e1",
    "https://deno.land/x/jose@v4.11.4/types.d.ts": "99881f9ff7a22851dfe30b40a7e31b818fc8041ddf97f77ea490cc3d3989d0ab",
    "https://deno.land/x/jose@v4.11.4/util/base64url.ts": "d2567042684de8bf1e4f1ad67be40ab343ee192ddf1cf12ff1d940d6c1fa2bcb",
    "https://deno.land/x/jose@v4.11.4/util/decode_jwt.ts": "a63c61cd436d1bebab7d88bb905873d92b466774af71396e78f9158e8e7db315",
    "https://deno.land/x/jose@v4.11.4/util/decode_protected_header.ts": "7e202a0d6eec103e03fbd5c97a9b0a5db3e1ce06c428ee57fd8792f96edb31be",
    "https://deno.land/x/jose@v4.11.4/util/errors.ts": "8e23fd03923354b71332fc1266ba796f7795ad946133da77b2d0cc688fc2bcc3",
    "https://deno.land/x/lz4@v0.1.2/mod.ts": "4decfc1a3569d03fd1813bd39128b71c8f082850fe98ecfdde20025772916582",
    "https://deno.land/x/lz4@v0.1.2/wasm.js": "b9c65605327ba273f0c76a6dc596ec534d4cda0f0225d7a94ebc606782319e46",
    "https://deno.land/x/oak@v11.1.0/application.ts": "0a728331822b8e27727ceec48a8499657c3163fc48fd379a8a9578a75f3cdb62",
    "https://deno.land/x/oak@v11.1.0/body.ts": "78402a4936accb80372c4944384658105604352d6783de7ff1e36b8832dd93c9",
    "https://deno.land/x/oak@v11.1.0/buf_reader.ts": "7cf96aa0ac670b75098113cf88a291a68332cc45efa8a9698f064ac5b8098a0f",
    "https://deno.land/x/oak@v11.1.0/content_disposition.ts": "8b8c3cb2fba7138cd5b7f82fc3b5ea39b33db924a824b28261659db7e164621e",
    "https://deno.land/x/oak@v11.1.0/context.ts": "014d1ce40e62a7901411425541b0d5a08018968a330595bd686f8d00222a35bb",
    "https://deno.land/x/oak@v11.1.0/cookies.ts": "d9f94b99f26c6169c6982ce12323c41a548d001bfc28f464264c22dc3dbf2181",
    "https://deno.land/x/oak@v11.1.0/deps.ts": "b897b0f2bec99cd8b402b279b7f21de955d98cbd72835b6c912be5e11c26148b",
    "https://deno.land/x/oak@v11.1.0/etag.ts": "19918f5e1964e3fe6c9fe524a88ffbf9900ce1dfe4146b187b2a86256bb6b663",
    "https://deno.land/x/oak@v11.1.0/headers.ts": "f50fb05614432bda971021633129aa2e8737e0844e0f01c27a937997b4d8dd4f",
    "https://deno.land/x/oak@v11.1.0/helpers.ts": "42212afa07a560b2958359cc19577417e89d9574d6579551a0af36ff7f00cc6e",
    "https://deno.land/x/oak@v11.1.0/http_request.ts": "0831c828816fcb58a5aa8361c6865c4151f4c8b59fabcef2e2cd235bb28170c5",
    "https://deno.land/x/oak@v11.1.0/http_server_flash.ts": "e312754acad26d3d70f243d657547e697921f67f0a2179dbec41a20a3228fd79",
    "https://deno.land/x/oak@v11.1.0/http_server_native.ts": "549dffcd2db5cbb0e44ad50cf9c54956b42a10450b1ac66e1362e32a073c8c1b",
    "https://deno.land/x/oak@v11.1.0/http_server_native_request.ts": "07910ea2ed51af6c4e69addf9015cdd8d2b5c9ee03fd4993e386834a129a9eb6",
    "https://deno.land/x/oak@v11.1.0/isMediaType.ts": "62d638abcf837ece3a8f07a4b7ca59794135cb0d4b73194c7d5837efd4161005",
    "https://deno.land/x/oak@v11.1.0/keyStack.ts": "fa0d5898fb8ba34de1c9cdcf4b2e8434952dc9931671858d33560368784a22ef",
    "https://deno.land/x/oak@v11.1.0/mediaTyper.ts": "042b853fc8e9c3f6c628dd389e03ef481552bf07242efc3f8a1af042102a6105",
    "https://deno.land/x/oak@v11.1.0/middleware.ts": "de14f045a2ddfe845d89b5d3140ff52cbcc6f3b3965391106ce04480f9786737",
    "https://deno.land/x/oak@v11.1.0/middleware/proxy.ts": "b927232f97ec18af4185d7912e45b1191e3ffe24a9c875262ad524211b1274c9",
    "https://deno.land/x/oak@v11.1.0/mod.ts": "de52855c8f626e30ba683fb265c0a0773ba2f5f117b3549b7d9c857edba58338",
    "https://deno.land/x/oak@v11.1.0/multipart.ts": "98fe9f226de8c26a16d067027b69fb1e34ad8c4055767dd157907d06cea36f9a",
    "https://deno.land/x/oak@v11.1.0/range.ts": "68a6df7ab3b868843e33f52deb94c3d4cab25cb9ef369691990c2ac15b04fafb",
    "https://deno.land/x/oak@v11.1.0/request.ts": "5852ad36389b48e0428a6f3c90854d01f10d1b15949b56001e1e75c2a00ef0f9",
    "https://deno.land/x/oak@v11.1.0/response.ts": "867d81f7eb0c65c7b8e0e0e9e145ededd5b6daa9ad922e6adc6a36a525f439a6",
    "https://deno.land/x/oak@v11.1.0/router.ts": "187522a549f6c179ff01d321882a8bfacbfb7f3e24b004ec4534a3613c7f9b0e",
    "https://deno.land/x/oak@v11.1.0/send.ts": "7ef2591792426d62add91536bb434566d4b224247ca343fdd63e486f9d4e9446",
    "https://deno.land/x/oak@v11.1.0/server_sent_event.ts": "948b0fe4cb3fe38c7db15e476eb3b7671ef20e566d130e9f701d7c0146aa47dd",
    "https://deno.land/x/oak@v11.1.0/structured_clone.ts": "ecf42598652b8082f37252cb873d6e257ad728e6fe73c6bd61f343d94501fbde",
    "https://deno.land/x/oak@v11.1.0/testing.ts": "7612656efd2975f7a2e6848609f5971922dbec46b76372c5c623202fdd7b9a85",
    "https://deno.land/x/oak@v11.1.0/types.d.ts": "41951a18c3bfdb11e40707cab75da078ba8a4907cd7d4e11d8536bc2db0dde05",
    "https://deno.land/x/oak@v11.1.0/util.ts": "3af8c4ed04c6cc2bedbe66e562a77fc59c72df31c55a902a63885861ca1639d6",
    "https://deno.land/x/oak_compress@v0.0.2/deps.ts": "56d7d4b6ff527bd69f5fd13c165dfec4f589f1c5963dd61d604fa234e50cd44e",
    "https://deno.land/x/oak_compress@v0.0.2/mod.ts": "3d49010e0298d1b85ba201d9632471d47af6355a2e5929c98f304500ae045180",
    "https://deno.land/x/oak_compress@v0.0.2/src/br.ts": "84902ee09dece590770d195c808efd9165147f32a4d29668e07b6245d186696b",
    "https://deno.land/x/oak_compress@v0.0.2/src/compress.ts": "4699d6c26ba1171975300a9c46bc24a83431ad2c1d9394b7d8554b097edd7d4c",
    "https://deno.land/x/oak_compress@v0.0.2/src/deflate.ts": "e04e79c98ee0e63ccef0861d571db31facaeea6087bc31ba9c770fd97bf5d775",
    "https://deno.land/x/oak_compress@v0.0.2/src/gzip.ts": "73f161da269a25c7c2efa9f5444136c0ff7690fb13c008f4a8daa91cba30e60a",
    "https://deno.land/x/oak_compress@v0.0.2/src/types.ts": "2c7b60ab6a0ef8c2d6b4effd107aecfe2ddd5f57060a07bdb02bb8ab5cb99d92",
    "https://deno.land/x/path_to_regexp@v6.2.1/index.ts": "894060567837bae8fc9c5cbd4d0a05e9024672083d5883b525c031eea940e556",
    "https://www.gstatic.com/firebasejs/9.6.10/firebase-app.js": "1bf8ff3370c8cece9a4d59516262b8790c0ef5f7a33c09259ef3f895a70b9a95",
    "https://www.gstatic.com/firebasejs/9.6.10/firebase-firestore.js": "297751665b86ed4738798e1d497c377df2e354593b76ecd878d906f4ce930f11",
    "https://www.gstatic.com/firebasejs/9.8.1/firebase-app.js": "81d16c8e1c79d9c647c0a28af64b25d95fc2979e45d806d374e981bf7b56393d",
    "https://www.gstatic.com/firebasejs/9.8.1/firebase-auth.js": "f2fe9fda7d7136d8af00ce272428cf7674cea818085aa4ad0950e0f4307e9bea",
    "https://www.gstatic.com/firebasejs/9.8.1/firebase-firestore.js": "18cef71d7554baa7e5a167dc544c581aaaab27fef16b28c14787c84a9c60382d"
  }
}